{
  "name": "gantt_test",
  "version": "1.0.0",
  "lockfileVersion": 1,
  "requires": true,
  "dependencies": {
    "@types/node": {
      "version": "12.12.62",
      "resolved": "https://registry.npmjs.org/@types/node/-/node-12.12.62.tgz",
      "integrity": "sha512-qAfo81CsD7yQIM9mVyh6B/U47li5g7cfpVQEDMfQeF8pSZVwzbhwU3crc0qG4DmpsebpJPR49AKOExQyJ05Cpg=="
    },
    "jsgantt-improved": {
      "version": "2.5.10",
      "resolved": "https://registry.npmjs.org/jsgantt-improved/-/jsgantt-improved-2.5.10.tgz",
      "integrity": "sha512-PafXZG6AhSzmtxk9mEgx08qV0Fe54HXpZ8lrqidLncxrFrIYfzM7pGLIkeOgCzNZEW/nQ3wenuR+Bnlax9OSJw==",
      "requires": {
        "@types/node": "^12.0.10"
      }
    }
  }
}
